<?xml version="1.0" encoding="UTF-8" standalone="yes" ?>
<CodeBlocks_project_file>
	<FileVersion major="1" minor="6" />
	<Project>
		<Option title="Astrobox" />
		<Option pch_mode="2" />
		<Option compiler="gcc" />
		<Build>
			<Target title="Release">
				<Option output="build/Astrobox" prefix_auto="1" extension_auto="1" />
				<Option object_output="obj/" />
				<Option type="1" />
				<Option compiler="gcc" />
				<Compiler>
					<Add option="-O2" />
					<Add option="-m32" />
				</Compiler>
				<Linker>
					<Add option="-s" />
					<Add option="-static-libstdc++" />
					<Add option="-static-libgcc" />
					<Add option="-static" />
					<Add option="-m32" />
				</Linker>
			</Target>
		</Build>
		<Compiler>
			<Add option="-Wall" />
			<Add option="-m32" />
			<Add option="-DSFML_STATIC" />
			<Add directory="../include" />
		</Compiler>
		<Linker>
			<Add option="-static-libstdc++" />
			<Add option="-static-libgcc" />
			<Add option="-static" />
			<Add option="-m32" />
			<Add library="../lib/SFML/libsfml-graphics-s.a" />
			<Add library="../lib/SFML/libsfml-window-s.a" />
			<Add library="../lib/SFML/libsfml-system-s.a" />
			<Add library="winmm" />
			<Add library="opengl32" />
			<Add library="gdi32" />
			<Add library="../lib/SFML/libfreetype.a" />
			<Add directory="../lib" />
		</Linker>
		<Unit filename="../src/asteroid.cpp" />
		<Unit filename="../src/asteroid.hpp" />
		<Unit filename="../src/entity.cpp" />
		<Unit filename="../src/entity.hpp" />
		<Unit filename="../src/main.cpp" />
		<Unit filename="../src/player.cpp" />
		<Unit filename="../src/player.hpp" />
		<Unit filename="../src/vector2.cpp" />
		<Unit filename="../src/vector2.hpp" />
		<Extensions>
			<code_completion />
			<envvars />
			<debugger />
			<lib_finder disable_auto="1" />
		</Extensions>
	</Project>
</CodeBlocks_project_file>
